// !$*UTF8*$!
{
	archiveVersion = 1;
	classes = {
	};
	objectVersion = 56;
	objects = {

/* Begin PBXBuildFile section */
		1CABA6BC2B6F7F850070F1BB /* PracticeScreenTimeAPIApp.swift in Sources */ = {isa = PBXBuildFile; fileRef = 1CABA6BB2B6F7F850070F1BB /* PracticeScreenTimeAPIApp.swift */; };
		1CABA6BE2B6F7F850070F1BB /* ContentView.swift in Sources */ = {isa = PBXBuildFile; fileRef = 1CABA6BD2B6F7F850070F1BB /* ContentView.swift */; };
		1CABA6C02B6F7F870070F1BB /* Assets.xcassets in Resources */ = {isa = PBXBuildFile; fileRef = 1CABA6BF2B6F7F870070F1BB /* Assets.xcassets */; };
		1CABA6C32B6F7F870070F1BB /* Preview Assets.xcassets in Resources */ = {isa = PBXBuildFile; fileRef = 1CABA6C22B6F7F870070F1BB /* Preview Assets.xcassets */; };
		1CABA6CB2B6F8FC20070F1BB /* ManagedSettingsStoreModel.swift in Sources */ = {isa = PBXBuildFile; fileRef = 1CABA6CA2B6F8FC20070F1BB /* ManagedSettingsStoreModel.swift */; };
		1CABA6CD2B6F99B60070F1BB /* ContentViewModel.swift in Sources */ = {isa = PBXBuildFile; fileRef = 1CABA6CC2B6F99B60070F1BB /* ContentViewModel.swift */; };
		1CC1CE792B753ABF00E47CF8 /* ScreenTimeAPIClient.swift in Sources */ = {isa = PBXBuildFile; fileRef = 1CC1CE782B753ABF00E47CF8 /* ScreenTimeAPIClient.swift */; };
		1CE67CA82B7FA04600C6347B /* DeviceActivity.framework in Frameworks */ = {isa = PBXBuildFile; fileRef = 1CE67CA72B7FA04500C6347B /* DeviceActivity.framework */; };
		1CE67CAB2B7FA04600C6347B /* DeviceActivityMonitorExtension.swift in Sources */ = {isa = PBXBuildFile; fileRef = 1CE67CAA2B7FA04600C6347B /* DeviceActivityMonitorExtension.swift */; };
		1CE67CB02B7FA04600C6347B /* MyMonitorExtension.appex in Embed Foundation Extensions */ = {isa = PBXBuildFile; fileRef = 1CE67CA52B7FA04500C6347B /* MyMonitorExtension.appex */; settings = {ATTRIBUTES = (RemoveHeadersOnCopy, ); }; };
/* End PBXBuildFile section */

/* Begin PBXContainerItemProxy section */
		1CE67CAE2B7FA04600C6347B /* PBXContainerItemProxy */ = {
			isa = PBXContainerItemProxy;
			containerPortal = 1CABA6B02B6F7F850070F1BB /* Project object */;
			proxyType = 1;
			remoteGlobalIDString = 1CE67CA42B7FA04500C6347B;
			remoteInfo = MyMonitorExtension;
		};
/* End PBXContainerItemProxy section */

/* Begin PBXCopyFilesBuildPhase section */
		1CE67CB12B7FA04600C6347B /* Embed Foundation Extensions */ = {
			isa = PBXCopyFilesBuildPhase;
			buildActionMask = 2147483647;
			dstPath = "";
			dstSubfolderSpec = 13;
			files = (
				1CE67CB02B7FA04600C6347B /* MyMonitorExtension.appex in Embed Foundation Extensions */,
			);
			name = "Embed Foundation Extensions";
			runOnlyForDeploymentPostprocessing = 0;
		};
/* End PBXCopyFilesBuildPhase section */

/* Begin PBXFileReference section */
		1C0A8ED72B789FC90065736E /* Info.plist */ = {isa = PBXFileReference; lastKnownFileType = text.plist; path = Info.plist; sourceTree = "<group>"; };
		1CABA6B82B6F7F850070F1BB /* PracticeScreenTimeAPI.app */ = {isa = PBXFileReference; explicitFileType = wrapper.application; includeInIndex = 0; path = PracticeScreenTimeAPI.app; sourceTree = BUILT_PRODUCTS_DIR; };
		1CABA6BB2B6F7F850070F1BB /* PracticeScreenTimeAPIApp.swift */ = {isa = PBXFileReference; lastKnownFileType = sourcecode.swift; path = PracticeScreenTimeAPIApp.swift; sourceTree = "<group>"; };
		1CABA6BD2B6F7F850070F1BB /* ContentView.swift */ = {isa = PBXFileReference; lastKnownFileType = sourcecode.swift; path = ContentView.swift; sourceTree = "<group>"; };
		1CABA6BF2B6F7F870070F1BB /* Assets.xcassets */ = {isa = PBXFileReference; lastKnownFileType = folder.assetcatalog; path = Assets.xcassets; sourceTree = "<group>"; };
		1CABA6C22B6F7F870070F1BB /* Preview Assets.xcassets */ = {isa = PBXFileReference; lastKnownFileType = folder.assetcatalog; path = "Preview Assets.xcassets"; sourceTree = "<group>"; };
		1CABA6C92B6F803C0070F1BB /* PracticeScreenTimeAPI.entitlements */ = {isa = PBXFileReference; lastKnownFileType = text.plist.entitlements; path = PracticeScreenTimeAPI.entitlements; sourceTree = "<group>"; };
		1CABA6CA2B6F8FC20070F1BB /* ManagedSettingsStoreModel.swift */ = {isa = PBXFileReference; lastKnownFileType = sourcecode.swift; path = ManagedSettingsStoreModel.swift; sourceTree = "<group>"; };
		1CABA6CC2B6F99B60070F1BB /* ContentViewModel.swift */ = {isa = PBXFileReference; lastKnownFileType = sourcecode.swift; path = ContentViewModel.swift; sourceTree = "<group>"; };
		1CC1CE782B753ABF00E47CF8 /* ScreenTimeAPIClient.swift */ = {isa = PBXFileReference; lastKnownFileType = sourcecode.swift; path = ScreenTimeAPIClient.swift; sourceTree = "<group>"; };
		1CE67CA52B7FA04500C6347B /* MyMonitorExtension.appex */ = {isa = PBXFileReference; explicitFileType = "wrapper.app-extension"; includeInIndex = 0; path = MyMonitorExtension.appex; sourceTree = BUILT_PRODUCTS_DIR; };
		1CE67CA72B7FA04500C6347B /* DeviceActivity.framework */ = {isa = PBXFileReference; lastKnownFileType = wrapper.framework; name = DeviceActivity.framework; path = System/Library/Frameworks/DeviceActivity.framework; sourceTree = SDKROOT; };
		1CE67CAA2B7FA04600C6347B /* DeviceActivityMonitorExtension.swift */ = {isa = PBXFileReference; lastKnownFileType = sourcecode.swift; path = DeviceActivityMonitorExtension.swift; sourceTree = "<group>"; };
		1CE67CAC2B7FA04600C6347B /* Info.plist */ = {isa = PBXFileReference; lastKnownFileType = text.plist.xml; path = Info.plist; sourceTree = "<group>"; };
		1CE67CAD2B7FA04600C6347B /* MyMonitorExtension.entitlements */ = {isa = PBXFileReference; lastKnownFileType = text.plist.entitlements; path = MyMonitorExtension.entitlements; sourceTree = "<group>"; };
/* End PBXFileReference section */

/* Begin PBXFrameworksBuildPhase section */
		1CABA6B52B6F7F850070F1BB /* Frameworks */ = {
			isa = PBXFrameworksBuildPhase;
			buildActionMask = 2147483647;
			files = (
			);
			runOnlyForDeploymentPostprocessing = 0;
		};
		1CE67CA22B7FA04500C6347B /* Frameworks */ = {
			isa = PBXFrameworksBuildPhase;
			buildActionMask = 2147483647;
			files = (
				1CE67CA82B7FA04600C6347B /* DeviceActivity.framework in Frameworks */,
			);
			runOnlyForDeploymentPostprocessing = 0;
		};
/* End PBXFrameworksBuildPhase section */

/* Begin PBXGroup section */
		1CABA6AF2B6F7F850070F1BB = {
			isa = PBXGroup;
			children = (
				1CABA6BA2B6F7F850070F1BB /* PracticeScreenTimeAPI */,
				1CE67CA92B7FA04600C6347B /* MyMonitorExtension */,
				1CE67CA62B7FA04500C6347B /* Frameworks */,
				1CABA6B92B6F7F850070F1BB /* Products */,
			);
			sourceTree = "<group>";
		};
		1CABA6B92B6F7F850070F1BB /* Products */ = {
			isa = PBXGroup;
			children = (
				1CABA6B82B6F7F850070F1BB /* PracticeScreenTimeAPI.app */,
				1CE67CA52B7FA04500C6347B /* MyMonitorExtension.appex */,
			);
			name = Products;
			sourceTree = "<group>";
		};
		1CABA6BA2B6F7F850070F1BB /* PracticeScreenTimeAPI */ = {
			isa = PBXGroup;
			children = (
				1C0A8ED72B789FC90065736E /* Info.plist */,
				1CABA6C92B6F803C0070F1BB /* PracticeScreenTimeAPI.entitlements */,
				1CABA6BB2B6F7F850070F1BB /* PracticeScreenTimeAPIApp.swift */,
				1CABA6CC2B6F99B60070F1BB /* ContentViewModel.swift */,
				1CABA6BD2B6F7F850070F1BB /* ContentView.swift */,
				1CC1CE782B753ABF00E47CF8 /* ScreenTimeAPIClient.swift */,
				1CABA6CA2B6F8FC20070F1BB /* ManagedSettingsStoreModel.swift */,
				1CABA6BF2B6F7F870070F1BB /* Assets.xcassets */,
				1CABA6C12B6F7F870070F1BB /* Preview Content */,
			);
			path = PracticeScreenTimeAPI;
			sourceTree = "<group>";
		};
		1CABA6C12B6F7F870070F1BB /* Preview Content */ = {
			isa = PBXGroup;
			children = (
				1CABA6C22B6F7F870070F1BB /* Preview Assets.xcassets */,
			);
			path = "Preview Content";
			sourceTree = "<group>";
		};
		1CE67CA62B7FA04500C6347B /* Frameworks */ = {
			isa = PBXGroup;
			children = (
				1CE67CA72B7FA04500C6347B /* DeviceActivity.framework */,
			);
			name = Frameworks;
			sourceTree = "<group>";
		};
		1CE67CA92B7FA04600C6347B /* MyMonitorExtension */ = {
			isa = PBXGroup;
			children = (
				1CE67CAA2B7FA04600C6347B /* DeviceActivityMonitorExtension.swift */,
				1CE67CAC2B7FA04600C6347B /* Info.plist */,
				1CE67CAD2B7FA04600C6347B /* MyMonitorExtension.entitlements */,
			);
			path = MyMonitorExtension;
			sourceTree = "<group>";
		};
/* End PBXGroup section */

/* Begin PBXNativeTarget section */
		1CABA6B72B6F7F850070F1BB /* PracticeScreenTimeAPI */ = {
			isa = PBXNativeTarget;
			buildConfigurationList = 1CABA6C62B6F7F870070F1BB /* Build configuration list for PBXNativeTarget "PracticeScreenTimeAPI" */;
			buildPhases = (
				1CABA6B42B6F7F850070F1BB /* Sources */,
				1CABA6B52B6F7F850070F1BB /* Frameworks */,
				1CABA6B62B6F7F850070F1BB /* Resources */,
				1CE67CB12B7FA04600C6347B /* Embed Foundation Extensions */,
			);
			buildRules = (
			);
			dependencies = (
				1CE67CAF2B7FA04600C6347B /* PBXTargetDependency */,
			);
			name = PracticeScreenTimeAPI;
			productName = PracticeScreenTimeAPI;
			productReference = 1CABA6B82B6F7F850070F1BB /* PracticeScreenTimeAPI.app */;
			productType = "com.apple.product-type.application";
		};
		1CE67CA42B7FA04500C6347B /* MyMonitorExtension */ = {
			isa = PBXNativeTarget;
			buildConfigurationList = 1CE67CB42B7FA04600C6347B /* Build configuration list for PBXNativeTarget "MyMonitorExtension" */;
			buildPhases = (
				1CE67CA12B7FA04500C6347B /* Sources */,
				1CE67CA22B7FA04500C6347B /* Frameworks */,
				1CE67CA32B7FA04500C6347B /* Resources */,
			);
			buildRules = (
			);
			dependencies = (
			);
			name = MyMonitorExtension;
			productName = MyMonitorExtension;
			productReference = 1CE67CA52B7FA04500C6347B /* MyMonitorExtension.appex */;
			productType = "com.apple.product-type.app-extension";
		};
/* End PBXNativeTarget section */

/* Begin PBXProject section */
		1CABA6B02B6F7F850070F1BB /* Project object */ = {
			isa = PBXProject;
			attributes = {
				BuildIndependentTargetsInParallel = 1;
				LastSwiftUpdateCheck = 1520;
				LastUpgradeCheck = 1520;
				TargetAttributes = {
					1CABA6B72B6F7F850070F1BB = {
						CreatedOnToolsVersion = 15.2;
					};
					1CE67CA42B7FA04500C6347B = {
						CreatedOnToolsVersion = 15.2;
					};
				};
			};
			buildConfigurationList = 1CABA6B32B6F7F850070F1BB /* Build configuration list for PBXProject "PracticeScreenTimeAPI" */;
			compatibilityVersion = "Xcode 14.0";
			developmentRegion = en;
			hasScannedForEncodings = 0;
			knownRegions = (
				en,
				Base,
			);
			mainGroup = 1CABA6AF2B6F7F850070F1BB;
			productRefGroup = 1CABA6B92B6F7F850070F1BB /* Products */;
			projectDirPath = "";
			projectRoot = "";
			targets = (
				1CABA6B72B6F7F850070F1BB /* PracticeScreenTimeAPI */,
				1CE67CA42B7FA04500C6347B /* MyMonitorExtension */,
			);
		};
/* End PBXProject section */

/* Begin PBXResourcesBuildPhase section */
		1CABA6B62B6F7F850070F1BB /* Resources */ = {
			isa = PBXResourcesBuildPhase;
			buildActionMask = 2147483647;
			files = (
				1CABA6C32B6F7F870070F1BB /* Preview Assets.xcassets in Resources */,
				1CABA6C02B6F7F870070F1BB /* Assets.xcassets in Resources */,
			);
			runOnlyForDeploymentPostprocessing = 0;
		};
		1CE67CA32B7FA04500C6347B /* Resources */ = {
			isa = PBXResourcesBuildPhase;
			buildActionMask = 2147483647;
			files = (
			);
			runOnlyForDeploymentPostprocessing = 0;
		};
/* End PBXResourcesBuildPhase section */

/* Begin PBXSourcesBuildPhase section */
		1CABA6B42B6F7F850070F1BB /* Sources */ = {
			isa = PBXSourcesBuildPhase;
			buildActionMask = 2147483647;
			files = (
				1CABA6CD2B6F99B60070F1BB /* ContentViewModel.swift in Sources */,
				1CC1CE792B753ABF00E47CF8 /* ScreenTimeAPIClient.swift in Sources */,
				1CABA6BE2B6F7F850070F1BB /* ContentView.swift in Sources */,
				1CABA6CB2B6F8FC20070F1BB /* ManagedSettingsStoreModel.swift in Sources */,
				1CABA6BC2B6F7F850070F1BB /* PracticeScreenTimeAPIApp.swift in Sources */,
			);
			runOnlyForDeploymentPostprocessing = 0;
		};
		1CE67CA12B7FA04500C6347B /* Sources */ = {
			isa = PBXSourcesBuildPhase;
			buildActionMask = 2147483647;
			files = (
				1CE67CAB2B7FA04600C6347B /* DeviceActivityMonitorExtension.swift in Sources */,
			);
			runOnlyForDeploymentPostprocessing = 0;
		};
/* End PBXSourcesBuildPhase section */

/* Begin PBXTargetDependency section */
		1CE67CAF2B7FA04600C6347B /* PBXTargetDependency */ = {
			isa = PBXTargetDependency;
			target = 1CE67CA42B7FA04500C6347B /* MyMonitorExtension */;
			targetProxy = 1CE67CAE2B7FA04600C6347B /* PBXContainerItemProxy */;
		};
/* End PBXTargetDependency section */

/* Begin XCBuildConfiguration section */
		1CABA6C42B6F7F870070F1BB /* Debug */ = {
			isa = XCBuildConfiguration;
			buildSettings = {
				ALWAYS_SEARCH_USER_PATHS = NO;
				ASSETCATALOG_COMPILER_GENERATE_SWIFT_ASSET_SYMBOL_EXTENSIONS = YES;
				CLANG_ANALYZER_NONNULL = YES;
				CLANG_ANALYZER_NUMBER_OBJECT_CONVERSION = YES_AGGRESSIVE;
				CLANG_CXX_LANGUAGE_STANDARD = "gnu++20";
				CLANG_ENABLE_MODULES = YES;
				CLANG_ENABLE_OBJC_ARC = YES;
				CLANG_ENABLE_OBJC_WEAK = YES;
				CLANG_WARN_BLOCK_CAPTURE_AUTORELEASING = YES;
				CLANG_WARN_BOOL_CONVERSION = YES;
				CLANG_WARN_COMMA = YES;
				CLANG_WARN_CONSTANT_CONVERSION = YES;
				CLANG_WARN_DEPRECATED_OBJC_IMPLEMENTATIONS = YES;
				CLANG_WARN_DIRECT_OBJC_ISA_USAGE = YES_ERROR;
				CLANG_WARN_DOCUMENTATION_COMMENTS = YES;
				CLANG_WARN_EMPTY_BODY = YES;
				CLANG_WARN_ENUM_CONVERSION = YES;
				CLANG_WARN_INFINITE_RECURSION = YES;
				CLANG_WARN_INT_CONVERSION = YES;
				CLANG_WARN_NON_LITERAL_NULL_CONVERSION = YES;
				CLANG_WARN_OBJC_IMPLICIT_RETAIN_SELF = YES;
				CLANG_WARN_OBJC_LITERAL_CONVERSION = YES;
				CLANG_WARN_OBJC_ROOT_CLASS = YES_ERROR;
				CLANG_WARN_QUOTED_INCLUDE_IN_FRAMEWORK_HEADER = YES;
				CLANG_WARN_RANGE_LOOP_ANALYSIS = YES;
				CLANG_WARN_STRICT_PROTOTYPES = YES;
				CLANG_WARN_SUSPICIOUS_MOVE = YES;
				CLANG_WARN_UNGUARDED_AVAILABILITY = YES_AGGRESSIVE;
				CLANG_WARN_UNREACHABLE_CODE = YES;
				CLANG_WARN__DUPLICATE_METHOD_MATCH = YES;
				COPY_PHASE_STRIP = NO;
				DEBUG_INFORMATION_FORMAT = dwarf;
				ENABLE_STRICT_OBJC_MSGSEND = YES;
				ENABLE_TESTABILITY = YES;
				ENABLE_USER_SCRIPT_SANDBOXING = YES;
				GCC_C_LANGUAGE_STANDARD = gnu17;
				GCC_DYNAMIC_NO_PIC = NO;
				GCC_NO_COMMON_BLOCKS = YES;
				GCC_OPTIMIZATION_LEVEL = 0;
				GCC_PREPROCESSOR_DEFINITIONS = (
					"DEBUG=1",
					"$(inherited)",
				);
				GCC_WARN_64_TO_32_BIT_CONVERSION = YES;
				GCC_WARN_ABOUT_RETURN_TYPE = YES_ERROR;
				GCC_WARN_UNDECLARED_SELECTOR = YES;
				GCC_WARN_UNINITIALIZED_AUTOS = YES_AGGRESSIVE;
				GCC_WARN_UNUSED_FUNCTION = YES;
				GCC_WARN_UNUSED_VARIABLE = YES;
				IPHONEOS_DEPLOYMENT_TARGET = 16.0;
				LOCALIZATION_PREFERS_STRING_CATALOGS = YES;
				MTL_ENABLE_DEBUG_INFO = INCLUDE_SOURCE;
				MTL_FAST_MATH = YES;
				ONLY_ACTIVE_ARCH = YES;
				SDKROOT = iphoneos;
				SWIFT_ACTIVE_COMPILATION_CONDITIONS = "DEBUG $(inherited)";
				SWIFT_OPTIMIZATION_LEVEL = "-Onone";
			};
			name = Debug;
		};
		1CABA6C52B6F7F870070F1BB /* Release */ = {
			isa = XCBuildConfiguration;
			buildSettings = {
				ALWAYS_SEARCH_USER_PATHS = NO;
				ASSETCATALOG_COMPILER_GENERATE_SWIFT_ASSET_SYMBOL_EXTENSIONS = YES;
				CLANG_ANALYZER_NONNULL = YES;
				CLANG_ANALYZER_NUMBER_OBJECT_CONVERSION = YES_AGGRESSIVE;
				CLANG_CXX_LANGUAGE_STANDARD = "gnu++20";
				CLANG_ENABLE_MODULES = YES;
				CLANG_ENABLE_OBJC_ARC = YES;
				CLANG_ENABLE_OBJC_WEAK = YES;
				CLANG_WARN_BLOCK_CAPTURE_AUTORELEASING = YES;
				CLANG_WARN_BOOL_CONVERSION = YES;
				CLANG_WARN_COMMA = YES;
				CLANG_WARN_CONSTANT_CONVERSION = YES;
				CLANG_WARN_DEPRECATED_OBJC_IMPLEMENTATIONS = YES;
				CLANG_WARN_DIRECT_OBJC_ISA_USAGE = YES_ERROR;
				CLANG_WARN_DOCUMENTATION_COMMENTS = YES;
				CLANG_WARN_EMPTY_BODY = YES;
				CLANG_WARN_ENUM_CONVERSION = YES;
				CLANG_WARN_INFINITE_RECURSION = YES;
				CLANG_WARN_INT_CONVERSION = YES;
				CLANG_WARN_NON_LITERAL_NULL_CONVERSION = YES;
				CLANG_WARN_OBJC_IMPLICIT_RETAIN_SELF = YES;
				CLANG_WARN_OBJC_LITERAL_CONVERSION = YES;
				CLANG_WARN_OBJC_ROOT_CLASS = YES_ERROR;
				CLANG_WARN_QUOTED_INCLUDE_IN_FRAMEWORK_HEADER = YES;
				CLANG_WARN_RANGE_LOOP_ANALYSIS = YES;
				CLANG_WARN_STRICT_PROTOTYPES = YES;
				CLANG_WARN_SUSPICIOUS_MOVE = YES;
				CLANG_WARN_UNGUARDED_AVAILABILITY = YES_AGGRESSIVE;
				CLANG_WARN_UNREACHABLE_CODE = YES;
				CLANG_WARN__DUPLICATE_METHOD_MATCH = YES;
				COPY_PHASE_STRIP = NO;
				DEBUG_INFORMATION_FORMAT = "dwarf-with-dsym";
				ENABLE_NS_ASSERTIONS = NO;
				ENABLE_STRICT_OBJC_MSGSEND = YES;
				ENABLE_USER_SCRIPT_SANDBOXING = YES;
				GCC_C_LANGUAGE_STANDARD = gnu17;
				GCC_NO_COMMON_BLOCKS = YES;
				GCC_WARN_64_TO_32_BIT_CONVERSION = YES;
				GCC_WARN_ABOUT_RETURN_TYPE = YES_ERROR;
				GCC_WARN_UNDECLARED_SELECTOR = YES;
				GCC_WARN_UNINITIALIZED_AUTOS = YES_AGGRESSIVE;
				GCC_WARN_UNUSED_FUNCTION = YES;
				GCC_WARN_UNUSED_VARIABLE = YES;
				IPHONEOS_DEPLOYMENT_TARGET = 16.0;
				LOCALIZATION_PREFERS_STRING_CATALOGS = YES;
				MTL_ENABLE_DEBUG_INFO = NO;
				MTL_FAST_MATH = YES;
				SDKROOT = iphoneos;
				SWIFT_COMPILATION_MODE = wholemodule;
				VALIDATE_PRODUCT = YES;
			};
			name = Release;
		};
		1CABA6C72B6F7F870070F1BB /* Debug */ = {
			isa = XCBuildConfiguration;
			buildSettings = {
				ALWAYS_EMBED_SWIFT_STANDARD_LIBRARIES = YES;
				ASSETCATALOG_COMPILER_APPICON_NAME = AppIcon;
				ASSETCATALOG_COMPILER_GLOBAL_ACCENT_COLOR_NAME = AccentColor;
				CODE_SIGN_ENTITLEMENTS = PracticeScreenTimeAPI/PracticeScreenTimeAPI.entitlements;
				CODE_SIGN_STYLE = Automatic;
				CURRENT_PROJECT_VERSION = 1;
				DEVELOPMENT_ASSET_PATHS = "\"PracticeScreenTimeAPI/Preview Content\"";
				DEVELOPMENT_TEAM = WY23RUM8JH;
				ENABLE_PREVIEWS = YES;
				GENERATE_INFOPLIST_FILE = YES;
				INFOPLIST_FILE = PracticeScreenTimeAPI/Info.plist;
				INFOPLIST_KEY_UIApplicationSceneManifest_Generation = YES;
				INFOPLIST_KEY_UIApplicationSupportsIndirectInputEvents = YES;
				INFOPLIST_KEY_UILaunchScreen_Generation = YES;
				INFOPLIST_KEY_UISupportedInterfaceOrientations_iPad = "UIInterfaceOrientationPortrait UIInterfaceOrientationPortraitUpsideDown UIInterfaceOrientationLandscapeLeft UIInterfaceOrientationLandscapeRight";
				INFOPLIST_KEY_UISupportedInterfaceOrientations_iPhone = "UIInterfaceOrientationPortrait UIInterfaceOrientationLandscapeLeft UIInterfaceOrientationLandscapeRight";
				LD_RUNPATH_SEARCH_PATHS = (
					"$(inherited)",
					"@executable_path/Frameworks",
				);
				MARKETING_VERSION = 1.0;
				PRODUCT_BUNDLE_IDENTIFIER = com.otoufujohnny.PracticeScreenTimeAPI;
				PRODUCT_NAME = "$(TARGET_NAME)";
				SWIFT_EMIT_LOC_STRINGS = YES;
				SWIFT_VERSION = 5.0;
				TARGETED_DEVICE_FAMILY = "1,2";
			};
			name = Debug;
		};
		1CABA6C82B6F7F870070F1BB /* Release */ = {
			isa = XCBuildConfiguration;
			buildSettings = {
				ALWAYS_EMBED_SWIFT_STANDARD_LIBRARIES = YES;
				ASSETCATALOG_COMPILER_APPICON_NAME = AppIcon;
				ASSETCATALOG_COMPILER_GLOBAL_ACCENT_COLOR_NAME = AccentColor;
				CODE_SIGN_ENTITLEMENTS = PracticeScreenTimeAPI/PracticeScreenTimeAPI.entitlements;
				CODE_SIGN_STYLE = Automatic;
				CURRENT_PROJECT_VERSION = 1;
				DEVELOPMENT_ASSET_PATHS = "\"PracticeScreenTimeAPI/Preview Content\"";
				DEVELOPMENT_TEAM = WY23RUM8JH;
				ENABLE_PREVIEWS = YES;
				GENERATE_INFOPLIST_FILE = YES;
				INFOPLIST_FILE = PracticeScreenTimeAPI/Info.plist;
				INFOPLIST_KEY_UIApplicationSceneManifest_Generation = YES;
				INFOPLIST_KEY_UIApplicationSupportsIndirectInputEvents = YES;
				INFOPLIST_KEY_UILaunchScreen_Generation = YES;
				INFOPLIST_KEY_UISupportedInterfaceOrientations_iPad = "UIInterfaceOrientationPortrait UIInterfaceOrientationPortraitUpsideDown UIInterfaceOrientationLandscapeLeft UIInterfaceOrientationLandscapeRight";
				INFOPLIST_KEY_UISupportedInterfaceOrientations_iPhone = "UIInterfaceOrientationPortrait UIInterfaceOrientationLandscapeLeft UIInterfaceOrientationLandscapeRight";
				LD_RUNPATH_SEARCH_PATHS = (
					"$(inherited)",
					"@executable_path/Frameworks",
				);
				MARKETING_VERSION = 1.0;
				PRODUCT_BUNDLE_IDENTIFIER = com.otoufujohnny.PracticeScreenTimeAPI;
				PRODUCT_NAME = "$(TARGET_NAME)";
				SWIFT_EMIT_LOC_STRINGS = YES;
				SWIFT_VERSION = 5.0;
				TARGETED_DEVICE_FAMILY = "1,2";
			};
			name = Release;
		};
		1CE67CB22B7FA04600C6347B /* Debug */ = {
			isa = XCBuildConfiguration;
			buildSettings = {
				CODE_SIGN_ENTITLEMENTS = MyMonitorExtension/MyMonitorExtension.entitlements;
				CODE_SIGN_STYLE = Automatic;
				CURRENT_PROJECT_VERSION = 1;
				DEVELOPMENT_TEAM = WY23RUM8JH;
				GENERATE_INFOPLIST_FILE = YES;
				INFOPLIST_FILE = MyMonitorExtension/Info.plist;
				INFOPLIST_KEY_CFBundleDisplayName = MyMonitorExtension;
				INFOPLIST_KEY_NSHumanReadableCopyright = "";
				IPHONEOS_DEPLOYMENT_TARGET = 17.2;
				LD_RUNPATH_SEARCH_PATHS = (
					"$(inherited)",
					"@executable_path/Frameworks",
					"@executable_path/../../Frameworks",
				);
				MARKETING_VERSION = 1.0;
				PRODUCT_BUNDLE_IDENTIFIER = com.otoufujohnny.PracticeScreenTimeAPI.MyMonitorExtension;
				PRODUCT_NAME = "$(TARGET_NAME)";
				SKIP_INSTALL = YES;
				SWIFT_EMIT_LOC_STRINGS = YES;
				SWIFT_VERSION = 5.0;
				TARGETED_DEVICE_FAMILY = "1,2";
			};
			name = Debug;
		};
		1CE67CB32B7FA04600C6347B /* Release */ = {
			isa = XCBuildConfiguration;
			buildSettings = {
				CODE_SIGN_ENTITLEMENTS = MyMonitorExtension/MyMonitorExtension.entitlements;
				CODE_SIGN_STYLE = Automatic;
				CURRENT_PROJECT_VERSION = 1;
				DEVELOPMENT_TEAM = WY23RUM8JH;
				GENERATE_INFOPLIST_FILE = YES;
				INFOPLIST_FILE = MyMonitorExtension/Info.plist;
				INFOPLIST_KEY_CFBundleDisplayName = MyMonitorExtension;
				INFOPLIST_KEY_NSHumanReadableCopyright = "";
				IPHONEOS_DEPLOYMENT_TARGET = 17.2;
				LD_RUNPATH_SEARCH_PATHS = (
					"$(inherited)",
					"@executable_path/Frameworks",
					"@executable_path/../../Frameworks",
				);
				MARKETING_VERSION = 1.0;
				PRODUCT_BUNDLE_IDENTIFIER = com.otoufujohnny.PracticeScreenTimeAPI.MyMonitorExtension;
				PRODUCT_NAME = "$(TARGET_NAME)";
				SKIP_INSTALL = YES;
				SWIFT_EMIT_LOC_STRINGS = YES;
				SWIFT_VERSION = 5.0;
				TARGETED_DEVICE_FAMILY = "1,2";
			};
			name = Release;
		};
/* End XCBuildConfiguration section */

/* Begin XCConfigurationList section */
		1CABA6B32B6F7F850070F1BB /* Build configuration list for PBXProject "PracticeScreenTimeAPI" */ = {
			isa = XCConfigurationList;
			buildConfigurations = (
				1CABA6C42B6F7F870070F1BB /* Debug */,
				1CABA6C52B6F7F870070F1BB /* Release */,
			);
			defaultConfigurationIsVisible = 0;
			defaultConfigurationName = Release;
		};
		1CABA6C62B6F7F870070F1BB /* Build configuration list for PBXNativeTarget "PracticeScreenTimeAPI" */ = {
			isa = XCConfigurationList;
			buildConfigurations = (
				1CABA6C72B6F7F870070F1BB /* Debug */,
				1CABA6C82B6F7F870070F1BB /* Release */,
			);
			defaultConfigurationIsVisible = 0;
			defaultConfigurationName = Release;
		};
		1CE67CB42B7FA04600C6347B /* Build configuration list for PBXNativeTarget "MyMonitorExtension" */ = {
			isa = XCConfigurationList;
			buildConfigurations = (
				1CE67CB22B7FA04600C6347B /* Debug */,
				1CE67CB32B7FA04600C6347B /* Release */,
			);
			defaultConfigurationIsVisible = 0;
			defaultConfigurationName = Release;
		};
/* End XCConfigurationList section */
	};
	rootObject = 1CABA6B02B6F7F850070F1BB /* Project object */;
}
